<?xml version="1.0" encoding="utf-8"?>
<Project ToolsVersion="4.0" xmlns:atg="http://atg.xbox.com" xmlns="http://schemas.microsoft.com/developer/msbuild/2003">
  <ItemGroup>
    <Filter Include="Src">
      <UniqueIdentifier>{840fb6c9-617f-4e02-9a45-388ca4b9d906}</UniqueIdentifier>
    </Filter>
    <Filter Include="Resource Files">
      <UniqueIdentifier>{8e114980-c1a3-4ada-ad7c-83caadf5daeb}</UniqueIdentifier>
      <Extensions>rc;ico;cur;bmp;dlg;rc2;rct;bin;rgs;gif;jpg;jpeg;jpe</Extensions>
    </Filter>
    <Filter Include="Shaders">
      <UniqueIdentifier>{63996001-e1ea-4484-8b2a-5b7dc9b9b6fb}</UniqueIdentifier>
    </Filter>
    <Filter Include="Tools">
      <UniqueIdentifier>{2efb1fbe-8665-4018-af07-3adc75b7d3c3}</UniqueIdentifier>
    </Filter>
    <Filter Include="Tools\Camera">
      <UniqueIdentifier>{9ba54b5b-6c31-4bb2-8a10-2d751841dc0d}</UniqueIdentifier>
    </Filter>
    <Filter Include="Tools\Model">
      <UniqueIdentifier>{c4082f7f-3992-466e-a62d-7d08feb9ea73}</UniqueIdentifier>
    </Filter>
    <Filter Include="Tools\Texture">
      <UniqueIdentifier>{255e950c-9917-412c-9d90-5f3150286bfa}</UniqueIdentifier>
    </Filter>
  </ItemGroup>
  <ItemGroup>
    <ClCompile Include="..\Src\EmptyProject11.cpp">
      <Filter>Src</Filter>
    </ClCompile>
    <ClCompile Include="..\Src\D3DCreator.cpp">
      <Filter>Src</Filter>
    </ClCompile>
    <ClCompile Include="..\Src\Camera\FirstPersonCamera.cpp">
      <Filter>Tools\Camera</Filter>
    </ClCompile>
    <ClCompile Include="..\Src\Model\Mesh.cpp">
      <Filter>Tools\Model</Filter>
    </ClCompile>
    <ClCompile Include="..\Src\Model\ModelLoader.cpp">
      <Filter>Tools\Model</Filter>
    </ClCompile>
    <ClCompile Include="..\Src\Texture\DDSTextureLoader.cpp">
      <Filter>Tools\Texture</Filter>
    </ClCompile>
  </ItemGroup>
  <ItemGroup>
    <ClInclude Include="..\Src\resource.h">
      <Filter>Resource Files</Filter>
    </ClInclude>
    <ClInclude Include="..\Src\D3DCreator.h">
      <Filter>Src</Filter>
    </ClInclude>
    <ClInclude Include="..\Src\Camera\FirstPersonCamera.h">
      <Filter>Tools\Camera</Filter>
    </ClInclude>
    <ClInclude Include="..\Src\ProjectHeader.h">
      <Filter>Src</Filter>
    </ClInclude>
    <ClInclude Include="..\Src\Model\Mesh.h">
      <Filter>Tools\Model</Filter>
    </ClInclude>
    <ClInclude Include="..\Src\Model\ModelLoader.h">
      <Filter>Tools\Model</Filter>
    </ClInclude>
    <ClInclude Include="..\Src\Texture\DDSTextureLoader.h">
      <Filter>Tools\Texture</Filter>
    </ClInclude>
  </ItemGroup>
  <ItemGroup>
    <Image Include="..\Dependency\DXUTOpt\directx.ico">
      <Filter>Resource Files</Filter>
    </Image>
  </ItemGroup>
  <ItemGroup>
    <ResourceCompile Include="..\Src\EmptyProject11.rc">
      <Filter>Resource Files</Filter>
    </ResourceCompile>
  </ItemGroup>
  <ItemGroup>
    <FxCompile Include="shader.fx">
      <Filter>Shaders</Filter>
    </FxCompile>
  </ItemGroup>
</Project>